<?xml version="1.0" encoding="utf-8"?>
<Project ToolsVersion="4.0" xmlns="http://schemas.microsoft.com/developer/msbuild/2003">
  <ItemGroup>
    <Filter Include="源文件">
      <UniqueIdentifier>{4FC737F1-C7A5-4376-A066-2A32D752A2FF}</UniqueIdentifier>
      <Extensions>cpp;c;cc;cxx;def;odl;idl;hpj;bat;asm;asmx</Extensions>
    </Filter>
    <Filter Include="头文件">
      <UniqueIdentifier>{93995380-89BD-4b04-88EB-625FBE52EBFB}</UniqueIdentifier>
      <Extensions>h;hpp;hxx;hm;inl;inc;xsd</Extensions>
    </Filter>
    <Filter Include="资源文件">
      <UniqueIdentifier>{67DA6AB6-F800-4c08-8B7A-83BB121AAD01}</UniqueIdentifier>
      <Extensions>rc;ico;cur;bmp;dlg;rc2;rct;bin;rgs;gif;jpg;jpeg;jpe;resx;tiff;tif;png;wav;mfcribbon-ms</Extensions>
    </Filter>
  </ItemGroup>
  <ItemGroup>
    <ClCompile Include="Public.cpp">
      <Filter>源文件</Filter>
    </ClCompile>
    <ClCompile Include="NetcardInfo.cpp">
      <Filter>源文件</Filter>
    </ClCompile>
    <ClCompile Include="ClientAddress.cpp">
      <Filter>源文件</Filter>
    </ClCompile>
    <ClCompile Include="ArpCheat.cpp">
      <Filter>源文件</Filter>
    </ClCompile>
    <ClCompile Include="PublicUtils.cpp">
      <Filter>源文件</Filter>
    </ClCompile>
    <ClCompile Include="main.cpp">
      <Filter>源文件</Filter>
    </ClCompile>
    <ClCompile Include="config.cpp">
      <Filter>源文件</Filter>
    </ClCompile>
    <ClCompile Include="fileOper.cpp">
      <Filter>源文件</Filter>
    </ClCompile>
    <ClCompile Include="PacketProcess.cpp">
      <Filter>源文件</Filter>
    </ClCompile>
    <ClCompile Include="connectionManager.cpp">
      <Filter>源文件</Filter>
    </ClCompile>
    <ClCompile Include="virtualIP.cpp">
      <Filter>源文件</Filter>
    </ClCompile>
    <ClCompile Include="staticGateway.cpp">
      <Filter>源文件</Filter>
    </ClCompile>
    <ClCompile Include="snifferTargets.cpp">
      <Filter>源文件</Filter>
    </ClCompile>
    <ClCompile Include="vNatModel.cpp">
      <Filter>源文件</Filter>
    </ClCompile>
    <ClCompile Include="refreshTargets.cpp">
      <Filter>源文件</Filter>
    </ClCompile>
    <ClCompile Include="winpcap.cpp">
      <Filter>源文件</Filter>
    </ClCompile>
    <ClCompile Include="nat.cpp">
      <Filter>源文件</Filter>
    </ClCompile>
  </ItemGroup>
  <ItemGroup>
    <ClInclude Include="Packet.h">
      <Filter>头文件</Filter>
    </ClInclude>
    <ClInclude Include="Public.h">
      <Filter>头文件</Filter>
    </ClInclude>
    <ClInclude Include="NetcardInfo.h">
      <Filter>头文件</Filter>
    </ClInclude>
    <ClInclude Include="ClientAddress.h">
      <Filter>头文件</Filter>
    </ClInclude>
    <ClInclude Include="ArpCheat.h">
      <Filter>头文件</Filter>
    </ClInclude>
    <ClInclude Include="PublicUtils.h">
      <Filter>头文件</Filter>
    </ClInclude>
    <ClInclude Include="PacketProcess.h">
      <Filter>头文件</Filter>
    </ClInclude>
    <ClInclude Include="config.h">
      <Filter>头文件</Filter>
    </ClInclude>
    <ClInclude Include="fileOper.h">
      <Filter>头文件</Filter>
    </ClInclude>
    <ClInclude Include="connectionManager.h">
      <Filter>头文件</Filter>
    </ClInclude>
    <ClInclude Include="virtualIP.h">
      <Filter>头文件</Filter>
    </ClInclude>
    <ClInclude Include="snifferTargets.h">
      <Filter>头文件</Filter>
    </ClInclude>
    <ClInclude Include="staticGateway.h">
      <Filter>头文件</Filter>
    </ClInclude>
    <ClInclude Include="vNatModel.h">
      <Filter>头文件</Filter>
    </ClInclude>
    <ClInclude Include="dhcp.h">
      <Filter>头文件</Filter>
    </ClInclude>
    <ClInclude Include="refreshTargets.h">
      <Filter>头文件</Filter>
    </ClInclude>
    <ClInclude Include="winpcap.h">
      <Filter>头文件</Filter>
    </ClInclude>
    <ClInclude Include="nat.h">
      <Filter>头文件</Filter>
    </ClInclude>
  </ItemGroup>
</Project>